# THIS IS AN AUTOGENERATED FILE. DO NOT EDIT THIS FILE DIRECTLY.
# yarn lockfile v1


"@prisma/client@^5.7.0":
  version "5.7.0"
  resolved "https://registry.yarnpkg.com/@prisma/client/-/client-5.7.0.tgz#c29dd9a16e100902eb2d2443d90fee2482d2aeac"
  integrity sha512-cZmglCrfNbYpzUtz7HscVHl38e9CrUs31nrVoGUK1nIPXGgt8hT4jj2s657UXcNdQ/jBUxDgGmHyu2Nyrq1txg==

"@prisma/debug@5.7.0":
  version "5.7.0"
  resolved "https://registry.yarnpkg.com/@prisma/debug/-/debug-5.7.0.tgz#abdb2060be4fe819e73e2683cf1b039841566198"
  integrity sha512-tZ+MOjWlVvz1kOEhNYMa4QUGURY+kgOUBqLHYIV8jmCsMuvA1tWcn7qtIMLzYWCbDcQT4ZS8xDgK0R2gl6/0wA==

"@prisma/engines-version@5.7.0-41.79fb5193cf0a8fdbef536e4b4a159cad677ab1b9":
  version "5.7.0-41.79fb5193cf0a8fdbef536e4b4a159cad677ab1b9"
  resolved "https://registry.yarnpkg.com/@prisma/engines-version/-/engines-version-5.7.0-41.79fb5193cf0a8fdbef536e4b4a159cad677ab1b9.tgz#777827898f1bfe6a76b17fbe7d9600cf543c4cc1"
  integrity sha512-V6tgRVi62jRwTm0Hglky3Scwjr/AKFBFtS+MdbsBr7UOuiu1TKLPc6xfPiyEN1+bYqjEtjxwGsHgahcJsd1rNg==

"@prisma/engines@5.7.0":
  version "5.7.0"
  resolved "https://registry.yarnpkg.com/@prisma/engines/-/engines-5.7.0.tgz#a32e232819b66bd9dee7500b455781742dc54b2f"
  integrity sha512-TkOMgMm60n5YgEKPn9erIvFX2/QuWnl3GBo6yTRyZKk5O5KQertXiNnrYgSLy0SpsKmhovEPQb+D4l0SzyE7XA==
  dependencies:
    "@prisma/debug" "5.7.0"
    "@prisma/engines-version" "5.7.0-41.79fb5193cf0a8fdbef536e4b4a159cad677ab1b9"
    "@prisma/fetch-engine" "5.7.0"
    "@prisma/get-platform" "5.7.0"

"@prisma/fetch-engine@5.7.0":
  version "5.7.0"
  resolved "https://registry.yarnpkg.com/@prisma/fetch-engine/-/fetch-engine-5.7.0.tgz#7d2795828b692b02707e7ab6876f6227a68fc309"
  integrity sha512-zIn/qmO+N/3FYe7/L9o+yZseIU8ivh4NdPKSkQRIHfg2QVTVMnbhGoTcecbxfVubeTp+DjcbjS0H9fCuM4W04w==
  dependencies:
    "@prisma/debug" "5.7.0"
    "@prisma/engines-version" "5.7.0-41.79fb5193cf0a8fdbef536e4b4a159cad677ab1b9"
    "@prisma/get-platform" "5.7.0"

"@prisma/get-platform@5.7.0":
  version "5.7.0"
  resolved "https://registry.yarnpkg.com/@prisma/get-platform/-/get-platform-5.7.0.tgz#eb81011f537c2d10c0225278cd5165a82d0b57c8"
  integrity sha512-ZeV/Op4bZsWXuw5Tg05WwRI8BlKiRFhsixPcAM+5BKYSiUZiMKIi713tfT3drBq8+T0E1arNZgYSA9QYcglWNA==
  dependencies:
    "@prisma/debug" "5.7.0"

dotenv@^16.3.1:
  version "16.3.1"
  resolved "https://registry.yarnpkg.com/dotenv/-/dotenv-16.3.1.tgz#369034de7d7e5b120972693352a3bf112172cc3e"
  integrity sha512-IPzF4w4/Rd94bA9imS68tZBaYyBWSCE47V1RGuMrB94iyTOIEwRmVL2x/4An+6mETpLrKJ5hQkB8W4kFAadeIQ==

prisma@^5.7.0:
  version "5.7.0"
  resolved "https://registry.yarnpkg.com/prisma/-/prisma-5.7.0.tgz#3c1c56d392b5d1137de954edefa4533fa092663e"
  integrity sha512-0rcfXO2ErmGAtxnuTNHQT9ztL0zZheQjOI/VNJzdq87C3TlGPQtMqtM+KCwU6XtmkoEr7vbCQqA7HF9IY0ST+Q==
  dependencies:
    "@prisma/engines" "5.7.0"
